
Microsoft Visual Studio Solution File, Format Version 12.00
# Visual Studio Version 17
VisualStudioVersion = 17.3.32929.385
MinimumVisualStudioVersion = 10.0.40219.1
Project("{FAE04EC0-301F-11D3-BF4B-00C04F79EFBC}") = "WpfApp1", "WpfApp1\WpfApp1.csproj", "{83204D11-B407-4444-915A-13E0151BD52F}"
EndProject
Global
	GlobalSection(SolutionConfigurationPlatforms) = preSolution
		Debug|Any CPU = Debug|Any CPU
		Release|Any CPU = Release|Any CPU
	EndGlobalSection
	GlobalSection(ProjectConfigurationPlatforms) = postSolution
		{83204D11-B407-4444-915A-13E0151BD52F}.Debug|Any CPU.ActiveCfg = Debug|Any CPU
		{83204D11-B407-4444-915A-13E0151BD52F}.Debug|Any CPU.Build.0 = Debug|Any CPU
		{83204D11-B407-4444-915A-13E0151BD52F}.Release|Any CPU.ActiveCfg = Release|Any CPU
		{83204D11-B407-4444-915A-13E0151BD52F}.Release|Any CPU.Build.0 = Release|Any CPU
	EndGlobalSection
	GlobalSection(SolutionProperties) = preSolution
		HideSolutionNode = FALSE
	EndGlobalSection
	GlobalSection(ExtensibilityGlobals) = postSolution
		SolutionGuid = {3C09F543-98AB-48DD-BEF9-5F543904A4BC}
	EndGlobalSection
EndGlobal
